
Microsoft Visual Studio Solution File, Format Version 12.00
# Visual Studio 2013
VisualStudioVersion = 12.0.31101.0
MinimumVisualStudioVersion = 10.0.40219.1
Project("{FAE04EC0-301F-11D3-BF4B-00C04F79EFBC}") = "NugetPackageLibraries", "NugetPackageLibraries.csproj", "{307529A2-D571-43BE-93B8-0CBB625FEF1C}"
EndProject
Project("{FAE04EC0-301F-11D3-BF4B-00C04F79EFBC}") = "MyInterfaces", "..\MyInterfaces\MyInterfaces.csproj", "{FD3EBA7B-3057-4946-B72B-E2C9C831711B}"
EndProject
Global
	GlobalSection(SolutionConfigurationPlatforms) = preSolution
		Debug|Any CPU = Debug|Any CPU
		Release|Any CPU = Release|Any CPU
	EndGlobalSection
	GlobalSection(ProjectConfigurationPlatforms) = postSolution
		{307529A2-D571-43BE-93B8-0CBB625FEF1C}.Debug|Any CPU.ActiveCfg = Debug|Any CPU
		{307529A2-D571-43BE-93B8-0CBB625FEF1C}.Debug|Any CPU.Build.0 = Debug|Any CPU
		{307529A2-D571-43BE-93B8-0CBB625FEF1C}.Release|Any CPU.ActiveCfg = Release|Any CPU
		{307529A2-D571-43BE-93B8-0CBB625FEF1C}.Release|Any CPU.Build.0 = Release|Any CPU
		{FD3EBA7B-3057-4946-B72B-E2C9C831711B}.Debug|Any CPU.ActiveCfg = Debug|Any CPU
		{FD3EBA7B-3057-4946-B72B-E2C9C831711B}.Debug|Any CPU.Build.0 = Debug|Any CPU
		{FD3EBA7B-3057-4946-B72B-E2C9C831711B}.Release|Any CPU.ActiveCfg = Release|Any CPU
		{FD3EBA7B-3057-4946-B72B-E2C9C831711B}.Release|Any CPU.Build.0 = Release|Any CPU
	EndGlobalSection
	GlobalSection(SolutionProperties) = preSolution
		HideSolutionNode = FALSE
	EndGlobalSection
EndGlobal
